
Microsoft Visual Studio Solution File, Format Version 12.00
# Visual Studio Version 17
VisualStudioVersion = 17.13.35806.99
MinimumVisualStudioVersion = 10.0.40219.1
Project("{FAE04EC0-301F-11D3-BF4B-00C04F79EFBC}") = "RabbitMQ.Publisher", "RabbitMQ.Publisher\RabbitMQ.Publisher.csproj", "{580EE797-F403-4161-B930-9B392665F1DE}"
EndProject
Project("{FAE04EC0-301F-11D3-BF4B-00C04F79EFBC}") = "RabbitMQ.Subscriber", "RabbitMQ.Subscriber\RabbitMQ.Subscriber.csproj", "{84E12EFB-35BD-4CB1-AFBA-4C48EFC475BA}"
EndProject
Project("{FAE04EC0-301F-11D3-BF4B-00C04F79EFBC}") = "Shared", "Shared\Shared.csproj", "{D6A877FB-FFAE-4097-B75F-852E77C9B330}"
EndProject
Project("{FAE04EC0-301F-11D3-BF4B-00C04F79EFBC}") = "RabbitMQWeb.Watermark", "RabbitMQWeb.Watermark\RabbitMQWeb.Watermark.csproj", "{5A237DEB-F2DF-4ACE-8F1F-0D887107339F}"
EndProject
Global
	GlobalSection(SolutionConfigurationPlatforms) = preSolution
		Debug|Any CPU = Debug|Any CPU
		Release|Any CPU = Release|Any CPU
	EndGlobalSection
	GlobalSection(ProjectConfigurationPlatforms) = postSolution
		{580EE797-F403-4161-B930-9B392665F1DE}.Debug|Any CPU.ActiveCfg = Debug|Any CPU
		{580EE797-F403-4161-B930-9B392665F1DE}.Debug|Any CPU.Build.0 = Debug|Any CPU
		{580EE797-F403-4161-B930-9B392665F1DE}.Release|Any CPU.ActiveCfg = Release|Any CPU
		{580EE797-F403-4161-B930-9B392665F1DE}.Release|Any CPU.Build.0 = Release|Any CPU
		{84E12EFB-35BD-4CB1-AFBA-4C48EFC475BA}.Debug|Any CPU.ActiveCfg = Debug|Any CPU
		{84E12EFB-35BD-4CB1-AFBA-4C48EFC475BA}.Debug|Any CPU.Build.0 = Debug|Any CPU
		{84E12EFB-35BD-4CB1-AFBA-4C48EFC475BA}.Release|Any CPU.ActiveCfg = Release|Any CPU
		{84E12EFB-35BD-4CB1-AFBA-4C48EFC475BA}.Release|Any CPU.Build.0 = Release|Any CPU
		{D6A877FB-FFAE-4097-B75F-852E77C9B330}.Debug|Any CPU.ActiveCfg = Debug|Any CPU
		{D6A877FB-FFAE-4097-B75F-852E77C9B330}.Debug|Any CPU.Build.0 = Debug|Any CPU
		{D6A877FB-FFAE-4097-B75F-852E77C9B330}.Release|Any CPU.ActiveCfg = Release|Any CPU
		{D6A877FB-FFAE-4097-B75F-852E77C9B330}.Release|Any CPU.Build.0 = Release|Any CPU
		{5A237DEB-F2DF-4ACE-8F1F-0D887107339F}.Debug|Any CPU.ActiveCfg = Debug|Any CPU
		{5A237DEB-F2DF-4ACE-8F1F-0D887107339F}.Debug|Any CPU.Build.0 = Debug|Any CPU
		{5A237DEB-F2DF-4ACE-8F1F-0D887107339F}.Release|Any CPU.ActiveCfg = Release|Any CPU
		{5A237DEB-F2DF-4ACE-8F1F-0D887107339F}.Release|Any CPU.Build.0 = Release|Any CPU
	EndGlobalSection
	GlobalSection(SolutionProperties) = preSolution
		HideSolutionNode = FALSE
	EndGlobalSection
	GlobalSection(ExtensibilityGlobals) = postSolution
		SolutionGuid = {4D1D30D5-9C48-415E-905D-806E27E7D8B6}
	EndGlobalSection
EndGlobal
